
Microsoft Visual Studio Solution File, Format Version 12.00
# Visual Studio Version 16
VisualStudioVersion = 16.0.29519.181
MinimumVisualStudioVersion = 10.0.40219.1
Project("{FAE04EC0-301F-11D3-BF4B-00C04F79EFBC}") = "CSharp20483.Tipos", "CSharp20483.Tipos\CSharp20483.Tipos.csproj", "{F0F98753-C765-4FB5-9485-BE97CF63A0F4}"
	ProjectSection(ProjectDependencies) = postProject
		{73DB7A1F-516E-40D0-8F8A-6F0FD3D1C766} = {73DB7A1F-516E-40D0-8F8A-6F0FD3D1C766}
		{689FC437-EFB2-41EB-AE6F-3521A12ABD7E} = {689FC437-EFB2-41EB-AE6F-3521A12ABD7E}
		{B2D61378-F446-44F5-AD3B-195E7780038B} = {B2D61378-F446-44F5-AD3B-195E7780038B}
		{226FFD91-83B0-4D3D-8862-EB5896F72378} = {226FFD91-83B0-4D3D-8862-EB5896F72378}
		{2B3D70C1-955F-492F-9789-2DA41D2F70D6} = {2B3D70C1-955F-492F-9789-2DA41D2F70D6}
	EndProjectSection
EndProject
Project("{FAE04EC0-301F-11D3-BF4B-00C04F79EFBC}") = "CSharp20483.ConsoleApp", "CSharp20483.ConsoleApp\CSharp20483.ConsoleApp.csproj", "{5AFA1435-DAE5-4144-89CF-5D9FCE93BA96}"
EndProject
Project("{9A19103F-16F7-4668-BE54-9A1E7A4F7556}") = "CS20483.Aula2", "CSharp20483.Aula2Fixed\CS20483.Aula2.csproj", "{226FFD91-83B0-4D3D-8862-EB5896F72378}"
EndProject
Project("{FAE04EC0-301F-11D3-BF4B-00C04F79EFBC}") = "CS20483.Exercicio01.ViewConsole", "CS20483.Exercicio01.ViewConsole\CS20483.Exercicio01.ViewConsole.csproj", "{73DB7A1F-516E-40D0-8F8A-6F0FD3D1C766}"
EndProject
Project("{FAE04EC0-301F-11D3-BF4B-00C04F79EFBC}") = "CS20483.Exercicio01.lib.Classes", "CS20483.Exercicio01.lib.Classes\CS20483.Exercicio01.lib.Classes.csproj", "{689FC437-EFB2-41EB-AE6F-3521A12ABD7E}"
EndProject
Project("{FAE04EC0-301F-11D3-BF4B-00C04F79EFBC}") = "CSharp20483.AppConsoleView", "CSharp20483.AppConsoleView\CSharp20483.AppConsoleView.csproj", "{B2D61378-F446-44F5-AD3B-195E7780038B}"
EndProject
Project("{FAE04EC0-301F-11D3-BF4B-00C04F79EFBC}") = "CSharp20483.Chat", "CSharp20483.Chat\CSharp20483.Chat.csproj", "{2B3D70C1-955F-492F-9789-2DA41D2F70D6}"
EndProject
Project("{FAE04EC0-301F-11D3-BF4B-00C04F79EFBC}") = "CSharp20483.Aula13", "CSharp20483.Aula13\CSharp20483.Aula13.csproj", "{4AA2B685-FB7B-4143-AEE7-2519915FD08E}"
EndProject
Project("{FAE04EC0-301F-11D3-BF4B-00C04F79EFBC}") = "CSharp20483.ConsoleAppGeral", "CSharp20483.ConsoleAppGeral\CSharp20483.ConsoleAppGeral.csproj", "{1FCB6DA3-2FDF-4A6E-A489-AE96BDBC2EC0}"
EndProject
Project("{FAE04EC0-301F-11D3-BF4B-00C04F79EFBC}") = "CSharp20483.Paralelo", "CSharp20483.Paralelo\CSharp20483.Paralelo.csproj", "{4850971E-A23D-46DF-906E-46B772AF6EFA}"
EndProject
Global
	GlobalSection(SolutionConfigurationPlatforms) = preSolution
		Debug|Any CPU = Debug|Any CPU
		Release|Any CPU = Release|Any CPU
	EndGlobalSection
	GlobalSection(ProjectConfigurationPlatforms) = postSolution
		{F0F98753-C765-4FB5-9485-BE97CF63A0F4}.Debug|Any CPU.ActiveCfg = Debug|Any CPU
		{F0F98753-C765-4FB5-9485-BE97CF63A0F4}.Debug|Any CPU.Build.0 = Debug|Any CPU
		{F0F98753-C765-4FB5-9485-BE97CF63A0F4}.Release|Any CPU.ActiveCfg = Release|Any CPU
		{F0F98753-C765-4FB5-9485-BE97CF63A0F4}.Release|Any CPU.Build.0 = Release|Any CPU
		{5AFA1435-DAE5-4144-89CF-5D9FCE93BA96}.Debug|Any CPU.ActiveCfg = Debug|Any CPU
		{5AFA1435-DAE5-4144-89CF-5D9FCE93BA96}.Debug|Any CPU.Build.0 = Debug|Any CPU
		{5AFA1435-DAE5-4144-89CF-5D9FCE93BA96}.Release|Any CPU.ActiveCfg = Release|Any CPU
		{5AFA1435-DAE5-4144-89CF-5D9FCE93BA96}.Release|Any CPU.Build.0 = Release|Any CPU
		{226FFD91-83B0-4D3D-8862-EB5896F72378}.Debug|Any CPU.ActiveCfg = Debug|Any CPU
		{226FFD91-83B0-4D3D-8862-EB5896F72378}.Debug|Any CPU.Build.0 = Debug|Any CPU
		{226FFD91-83B0-4D3D-8862-EB5896F72378}.Release|Any CPU.ActiveCfg = Release|Any CPU
		{226FFD91-83B0-4D3D-8862-EB5896F72378}.Release|Any CPU.Build.0 = Release|Any CPU
		{73DB7A1F-516E-40D0-8F8A-6F0FD3D1C766}.Debug|Any CPU.ActiveCfg = Debug|Any CPU
		{73DB7A1F-516E-40D0-8F8A-6F0FD3D1C766}.Debug|Any CPU.Build.0 = Debug|Any CPU
		{73DB7A1F-516E-40D0-8F8A-6F0FD3D1C766}.Release|Any CPU.ActiveCfg = Release|Any CPU
		{73DB7A1F-516E-40D0-8F8A-6F0FD3D1C766}.Release|Any CPU.Build.0 = Release|Any CPU
		{689FC437-EFB2-41EB-AE6F-3521A12ABD7E}.Debug|Any CPU.ActiveCfg = Debug|Any CPU
		{689FC437-EFB2-41EB-AE6F-3521A12ABD7E}.Debug|Any CPU.Build.0 = Debug|Any CPU
		{689FC437-EFB2-41EB-AE6F-3521A12ABD7E}.Release|Any CPU.ActiveCfg = Release|Any CPU
		{689FC437-EFB2-41EB-AE6F-3521A12ABD7E}.Release|Any CPU.Build.0 = Release|Any CPU
		{B2D61378-F446-44F5-AD3B-195E7780038B}.Debug|Any CPU.ActiveCfg = Debug|Any CPU
		{B2D61378-F446-44F5-AD3B-195E7780038B}.Debug|Any CPU.Build.0 = Debug|Any CPU
		{B2D61378-F446-44F5-AD3B-195E7780038B}.Release|Any CPU.ActiveCfg = Release|Any CPU
		{B2D61378-F446-44F5-AD3B-195E7780038B}.Release|Any CPU.Build.0 = Release|Any CPU
		{2B3D70C1-955F-492F-9789-2DA41D2F70D6}.Debug|Any CPU.ActiveCfg = Debug|Any CPU
		{2B3D70C1-955F-492F-9789-2DA41D2F70D6}.Debug|Any CPU.Build.0 = Debug|Any CPU
		{2B3D70C1-955F-492F-9789-2DA41D2F70D6}.Release|Any CPU.ActiveCfg = Release|Any CPU
		{2B3D70C1-955F-492F-9789-2DA41D2F70D6}.Release|Any CPU.Build.0 = Release|Any CPU
		{4AA2B685-FB7B-4143-AEE7-2519915FD08E}.Debug|Any CPU.ActiveCfg = Debug|Any CPU
		{4AA2B685-FB7B-4143-AEE7-2519915FD08E}.Debug|Any CPU.Build.0 = Debug|Any CPU
		{4AA2B685-FB7B-4143-AEE7-2519915FD08E}.Release|Any CPU.ActiveCfg = Release|Any CPU
		{4AA2B685-FB7B-4143-AEE7-2519915FD08E}.Release|Any CPU.Build.0 = Release|Any CPU
		{1FCB6DA3-2FDF-4A6E-A489-AE96BDBC2EC0}.Debug|Any CPU.ActiveCfg = Debug|Any CPU
		{1FCB6DA3-2FDF-4A6E-A489-AE96BDBC2EC0}.Debug|Any CPU.Build.0 = Debug|Any CPU
		{1FCB6DA3-2FDF-4A6E-A489-AE96BDBC2EC0}.Release|Any CPU.ActiveCfg = Release|Any CPU
		{1FCB6DA3-2FDF-4A6E-A489-AE96BDBC2EC0}.Release|Any CPU.Build.0 = Release|Any CPU
		{4850971E-A23D-46DF-906E-46B772AF6EFA}.Debug|Any CPU.ActiveCfg = Debug|Any CPU
		{4850971E-A23D-46DF-906E-46B772AF6EFA}.Debug|Any CPU.Build.0 = Debug|Any CPU
		{4850971E-A23D-46DF-906E-46B772AF6EFA}.Release|Any CPU.ActiveCfg = Release|Any CPU
		{4850971E-A23D-46DF-906E-46B772AF6EFA}.Release|Any CPU.Build.0 = Release|Any CPU
	EndGlobalSection
	GlobalSection(SolutionProperties) = preSolution
		HideSolutionNode = FALSE
	EndGlobalSection
	GlobalSection(ExtensibilityGlobals) = postSolution
		SolutionGuid = {5ABD9C52-F79F-4037-AE15-CA1C020C15A0}
	EndGlobalSection
EndGlobal
